// !$*UTF8*$!
{
	archiveVersion = 1;
	classes = {
	};
	objectVersion = 46;
	objects = {

/* Begin PBXBuildFile section */
		C424019919AB386400C7D22C /* Foundation.framework in Frameworks */ = {isa = PBXBuildFile; fileRef = C424019819AB386400C7D22C /* Foundation.framework */; };
		C424019B19AB386400C7D22C /* CoreGraphics.framework in Frameworks */ = {isa = PBXBuildFile; fileRef = C424019A19AB386400C7D22C /* CoreGraphics.framework */; };
		C424019D19AB386400C7D22C /* UIKit.framework in Frameworks */ = {isa = PBXBuildFile; fileRef = C424019C19AB386400C7D22C /* UIKit.framework */; };
		C42401A319AB386400C7D22C /* InfoPlist.strings in Resources */ = {isa = PBXBuildFile; fileRef = C42401A119AB386400C7D22C /* InfoPlist.strings */; };
		C42401A519AB386400C7D22C /* main.m in Sources */ = {isa = PBXBuildFile; fileRef = C42401A419AB386400C7D22C /* main.m */; };
		C42401A919AB386400C7D22C /* JEAppDelegate.m in Sources */ = {isa = PBXBuildFile; fileRef = C42401A819AB386400C7D22C /* JEAppDelegate.m */; };
		C42401AB19AB386400C7D22C /* Images.xcassets in Resources */ = {isa = PBXBuildFile; fileRef = C42401AA19AB386400C7D22C /* Images.xcassets */; };
		C42401B219AB386400C7D22C /* XCTest.framework in Frameworks */ = {isa = PBXBuildFile; fileRef = C42401B119AB386400C7D22C /* XCTest.framework */; };
		C42401B319AB386400C7D22C /* Foundation.framework in Frameworks */ = {isa = PBXBuildFile; fileRef = C424019819AB386400C7D22C /* Foundation.framework */; };
		C42401B419AB386400C7D22C /* UIKit.framework in Frameworks */ = {isa = PBXBuildFile; fileRef = C424019C19AB386400C7D22C /* UIKit.framework */; };
		C42401BC19AB386400C7D22C /* InfoPlist.strings in Resources */ = {isa = PBXBuildFile; fileRef = C42401BA19AB386400C7D22C /* InfoPlist.strings */; };
		C42401BE19AB386400C7D22C /* JELocationViewControllerTests.m in Sources */ = {isa = PBXBuildFile; fileRef = C42401BD19AB386400C7D22C /* JELocationViewControllerTests.m */; };
		C42401D019AB38E800C7D22C /* DPAPI.m in Sources */ = {isa = PBXBuildFile; fileRef = C42401CA19AB38E800C7D22C /* DPAPI.m */; };
		C42401D119AB38E800C7D22C /* DPRequest.m in Sources */ = {isa = PBXBuildFile; fileRef = C42401CD19AB38E800C7D22C /* DPRequest.m */; };
		C42401D219AB38E800C7D22C /* JELocationViewController.m in Sources */ = {isa = PBXBuildFile; fileRef = C42401CF19AB38E800C7D22C /* JELocationViewController.m */; };
		C42401D719AB39BB00C7D22C /* JEViewController.m in Sources */ = {isa = PBXBuildFile; fileRef = C42401D619AB39BB00C7D22C /* JEViewController.m */; };
		C424025419AC734600C7D22C /* VPPMapCluster.m in Sources */ = {isa = PBXBuildFile; fileRef = C424024919AC734600C7D22C /* VPPMapCluster.m */; settings = {COMPILER_FLAGS = "-fno-objc-arc"; }; };
		C424025519AC734600C7D22C /* VPPMapClusterHelper.m in Sources */ = {isa = PBXBuildFile; fileRef = C424024B19AC734600C7D22C /* VPPMapClusterHelper.m */; settings = {COMPILER_FLAGS = "-fno-objc-arc"; }; };
		C424025619AC734600C7D22C /* VPPMapClusterView.m in Sources */ = {isa = PBXBuildFile; fileRef = C424024D19AC734600C7D22C /* VPPMapClusterView.m */; settings = {COMPILER_FLAGS = "-fno-objc-arc"; }; };
		C424025719AC734600C7D22C /* VPPMapAnnotationExample.m in Sources */ = {isa = PBXBuildFile; fileRef = C424024F19AC734600C7D22C /* VPPMapAnnotationExample.m */; settings = {COMPILER_FLAGS = "-fno-objc-arc"; }; };
		C424025819AC734600C7D22C /* VPPMapHelper.m in Sources */ = {isa = PBXBuildFile; fileRef = C424025219AC734600C7D22C /* VPPMapHelper.m */; settings = {COMPILER_FLAGS = "-fno-objc-arc"; }; };
/* End PBXBuildFile section */

/* Begin PBXContainerItemProxy section */
		C42401B519AB386400C7D22C /* PBXContainerItemProxy */ = {
			isa = PBXContainerItemProxy;
			containerPortal = C424018D19AB386400C7D22C /* Project object */;
			proxyType = 1;
			remoteGlobalIDString = C424019419AB386400C7D22C;
			remoteInfo = JELocationViewController;
		};
/* End PBXContainerItemProxy section */

/* Begin PBXFileReference section */
		C424019519AB386400C7D22C /* JELocationViewController.app */ = {isa = PBXFileReference; explicitFileType = wrapper.application; includeInIndex = 0; path = JELocationViewController.app; sourceTree = BUILT_PRODUCTS_DIR; };
		C424019819AB386400C7D22C /* Foundation.framework */ = {isa = PBXFileReference; lastKnownFileType = wrapper.framework; name = Foundation.framework; path = System/Library/Frameworks/Foundation.framework; sourceTree = SDKROOT; };
		C424019A19AB386400C7D22C /* CoreGraphics.framework */ = {isa = PBXFileReference; lastKnownFileType = wrapper.framework; name = CoreGraphics.framework; path = System/Library/Frameworks/CoreGraphics.framework; sourceTree = SDKROOT; };
		C424019C19AB386400C7D22C /* UIKit.framework */ = {isa = PBXFileReference; lastKnownFileType = wrapper.framework; name = UIKit.framework; path = System/Library/Frameworks/UIKit.framework; sourceTree = SDKROOT; };
		C42401A019AB386400C7D22C /* JELocationViewController-Info.plist */ = {isa = PBXFileReference; lastKnownFileType = text.plist.xml; path = "JELocationViewController-Info.plist"; sourceTree = "<group>"; };
		C42401A219AB386400C7D22C /* en */ = {isa = PBXFileReference; lastKnownFileType = text.plist.strings; name = en; path = en.lproj/InfoPlist.strings; sourceTree = "<group>"; };
		C42401A419AB386400C7D22C /* main.m */ = {isa = PBXFileReference; lastKnownFileType = sourcecode.c.objc; path = main.m; sourceTree = "<group>"; };
		C42401A619AB386400C7D22C /* JELocationViewController-Prefix.pch */ = {isa = PBXFileReference; lastKnownFileType = sourcecode.c.h; path = "JELocationViewController-Prefix.pch"; sourceTree = "<group>"; };
		C42401A719AB386400C7D22C /* JEAppDelegate.h */ = {isa = PBXFileReference; lastKnownFileType = sourcecode.c.h; path = JEAppDelegate.h; sourceTree = "<group>"; };
		C42401A819AB386400C7D22C /* JEAppDelegate.m */ = {isa = PBXFileReference; lastKnownFileType = sourcecode.c.objc; path = JEAppDelegate.m; sourceTree = "<group>"; };
		C42401AA19AB386400C7D22C /* Images.xcassets */ = {isa = PBXFileReference; lastKnownFileType = folder.assetcatalog; path = Images.xcassets; sourceTree = "<group>"; };
		C42401B019AB386400C7D22C /* JELocationViewControllerTests.xctest */ = {isa = PBXFileReference; explicitFileType = wrapper.cfbundle; includeInIndex = 0; path = JELocationViewControllerTests.xctest; sourceTree = BUILT_PRODUCTS_DIR; };
		C42401B119AB386400C7D22C /* XCTest.framework */ = {isa = PBXFileReference; lastKnownFileType = wrapper.framework; name = XCTest.framework; path = Library/Frameworks/XCTest.framework; sourceTree = DEVELOPER_DIR; };
		C42401B919AB386400C7D22C /* JELocationViewControllerTests-Info.plist */ = {isa = PBXFileReference; lastKnownFileType = text.plist.xml; path = "JELocationViewControllerTests-Info.plist"; sourceTree = "<group>"; };
		C42401BB19AB386400C7D22C /* en */ = {isa = PBXFileReference; lastKnownFileType = text.plist.strings; name = en; path = en.lproj/InfoPlist.strings; sourceTree = "<group>"; };
		C42401BD19AB386400C7D22C /* JELocationViewControllerTests.m */ = {isa = PBXFileReference; lastKnownFileType = sourcecode.c.objc; path = JELocationViewControllerTests.m; sourceTree = "<group>"; };
		C42401C919AB38E800C7D22C /* DPAPI.h */ = {isa = PBXFileReference; fileEncoding = 4; lastKnownFileType = sourcecode.c.h; path = DPAPI.h; sourceTree = "<group>"; };
		C42401CA19AB38E800C7D22C /* DPAPI.m */ = {isa = PBXFileReference; fileEncoding = 4; lastKnownFileType = sourcecode.c.objc; path = DPAPI.m; sourceTree = "<group>"; };
		C42401CB19AB38E800C7D22C /* DPConstants.h */ = {isa = PBXFileReference; fileEncoding = 4; lastKnownFileType = sourcecode.c.h; path = DPConstants.h; sourceTree = "<group>"; };
		C42401CC19AB38E800C7D22C /* DPRequest.h */ = {isa = PBXFileReference; fileEncoding = 4; lastKnownFileType = sourcecode.c.h; path = DPRequest.h; sourceTree = "<group>"; };
		C42401CD19AB38E800C7D22C /* DPRequest.m */ = {isa = PBXFileReference; fileEncoding = 4; lastKnownFileType = sourcecode.c.objc; path = DPRequest.m; sourceTree = "<group>"; };
		C42401CE19AB38E800C7D22C /* JELocationViewController.h */ = {isa = PBXFileReference; fileEncoding = 4; lastKnownFileType = sourcecode.c.h; path = JELocationViewController.h; sourceTree = "<group>"; };
		C42401CF19AB38E800C7D22C /* JELocationViewController.m */ = {isa = PBXFileReference; fileEncoding = 4; lastKnownFileType = sourcecode.c.objc; path = JELocationViewController.m; sourceTree = "<group>"; };
		C42401D519AB39BB00C7D22C /* JEViewController.h */ = {isa = PBXFileReference; fileEncoding = 4; lastKnownFileType = sourcecode.c.h; path = JEViewController.h; sourceTree = "<group>"; };
		C42401D619AB39BB00C7D22C /* JEViewController.m */ = {isa = PBXFileReference; fileEncoding = 4; lastKnownFileType = sourcecode.c.objc; path = JEViewController.m; sourceTree = "<group>"; };
		C424024819AC734600C7D22C /* VPPMapCluster.h */ = {isa = PBXFileReference; fileEncoding = 4; lastKnownFileType = sourcecode.c.h; path = VPPMapCluster.h; sourceTree = "<group>"; };
		C424024919AC734600C7D22C /* VPPMapCluster.m */ = {isa = PBXFileReference; fileEncoding = 4; lastKnownFileType = sourcecode.c.objc; path = VPPMapCluster.m; sourceTree = "<group>"; };
		C424024A19AC734600C7D22C /* VPPMapClusterHelper.h */ = {isa = PBXFileReference; fileEncoding = 4; lastKnownFileType = sourcecode.c.h; path = VPPMapClusterHelper.h; sourceTree = "<group>"; };
		C424024B19AC734600C7D22C /* VPPMapClusterHelper.m */ = {isa = PBXFileReference; fileEncoding = 4; lastKnownFileType = sourcecode.c.objc; path = VPPMapClusterHelper.m; sourceTree = "<group>"; };
		C424024C19AC734600C7D22C /* VPPMapClusterView.h */ = {isa = PBXFileReference; fileEncoding = 4; lastKnownFileType = sourcecode.c.h; path = VPPMapClusterView.h; sourceTree = "<group>"; };
		C424024D19AC734600C7D22C /* VPPMapClusterView.m */ = {isa = PBXFileReference; fileEncoding = 4; lastKnownFileType = sourcecode.c.objc; path = VPPMapClusterView.m; sourceTree = "<group>"; };
		C424024E19AC734600C7D22C /* VPPMapAnnotationExample.h */ = {isa = PBXFileReference; fileEncoding = 4; lastKnownFileType = sourcecode.c.h; path = VPPMapAnnotationExample.h; sourceTree = "<group>"; };
		C424024F19AC734600C7D22C /* VPPMapAnnotationExample.m */ = {isa = PBXFileReference; fileEncoding = 4; lastKnownFileType = sourcecode.c.objc; path = VPPMapAnnotationExample.m; sourceTree = "<group>"; };
		C424025019AC734600C7D22C /* VPPMapCustomAnnotation.h */ = {isa = PBXFileReference; fileEncoding = 4; lastKnownFileType = sourcecode.c.h; path = VPPMapCustomAnnotation.h; sourceTree = "<group>"; };
		C424025119AC734600C7D22C /* VPPMapHelper.h */ = {isa = PBXFileReference; fileEncoding = 4; lastKnownFileType = sourcecode.c.h; path = VPPMapHelper.h; sourceTree = "<group>"; };
		C424025219AC734600C7D22C /* VPPMapHelper.m */ = {isa = PBXFileReference; fileEncoding = 4; lastKnownFileType = sourcecode.c.objc; path = VPPMapHelper.m; sourceTree = "<group>"; };
		C424025319AC734600C7D22C /* VPPMapHelperDelegate.h */ = {isa = PBXFileReference; fileEncoding = 4; lastKnownFileType = sourcecode.c.h; path = VPPMapHelperDelegate.h; sourceTree = "<group>"; };
/* End PBXFileReference section */

/* Begin PBXFrameworksBuildPhase section */
		C424019219AB386400C7D22C /* Frameworks */ = {
			isa = PBXFrameworksBuildPhase;
			buildActionMask = 2147483647;
			files = (
				C424019B19AB386400C7D22C /* CoreGraphics.framework in Frameworks */,
				C424019D19AB386400C7D22C /* UIKit.framework in Frameworks */,
				C424019919AB386400C7D22C /* Foundation.framework in Frameworks */,
			);
			runOnlyForDeploymentPostprocessing = 0;
		};
		C42401AD19AB386400C7D22C /* Frameworks */ = {
			isa = PBXFrameworksBuildPhase;
			buildActionMask = 2147483647;
			files = (
				C42401B219AB386400C7D22C /* XCTest.framework in Frameworks */,
				C42401B419AB386400C7D22C /* UIKit.framework in Frameworks */,
				C42401B319AB386400C7D22C /* Foundation.framework in Frameworks */,
			);
			runOnlyForDeploymentPostprocessing = 0;
		};
/* End PBXFrameworksBuildPhase section */

/* Begin PBXGroup section */
		C424018C19AB386400C7D22C = {
			isa = PBXGroup;
			children = (
				C424019E19AB386400C7D22C /* JELocationViewController */,
				C42401B719AB386400C7D22C /* JELocationViewControllerTests */,
				C424019719AB386400C7D22C /* Frameworks */,
				C424019619AB386400C7D22C /* Products */,
			);
			sourceTree = "<group>";
		};
		C424019619AB386400C7D22C /* Products */ = {
			isa = PBXGroup;
			children = (
				C424019519AB386400C7D22C /* JELocationViewController.app */,
				C42401B019AB386400C7D22C /* JELocationViewControllerTests.xctest */,
			);
			name = Products;
			sourceTree = "<group>";
		};
		C424019719AB386400C7D22C /* Frameworks */ = {
			isa = PBXGroup;
			children = (
				C424019819AB386400C7D22C /* Foundation.framework */,
				C424019A19AB386400C7D22C /* CoreGraphics.framework */,
				C424019C19AB386400C7D22C /* UIKit.framework */,
				C42401B119AB386400C7D22C /* XCTest.framework */,
			);
			name = Frameworks;
			sourceTree = "<group>";
		};
		C424019E19AB386400C7D22C /* JELocationViewController */ = {
			isa = PBXGroup;
			children = (
				C42401A719AB386400C7D22C /* JEAppDelegate.h */,
				C42401A819AB386400C7D22C /* JEAppDelegate.m */,
				C42401D519AB39BB00C7D22C /* JEViewController.h */,
				C42401D619AB39BB00C7D22C /* JEViewController.m */,
				C42401C719AB38E800C7D22C /* JELocationViewController */,
				C424019F19AB386400C7D22C /* Supporting Files */,
			);
			path = JELocationViewController;
			sourceTree = "<group>";
		};
		C424019F19AB386400C7D22C /* Supporting Files */ = {
			isa = PBXGroup;
			children = (
				C42401AA19AB386400C7D22C /* Images.xcassets */,
				C42401A019AB386400C7D22C /* JELocationViewController-Info.plist */,
				C42401A119AB386400C7D22C /* InfoPlist.strings */,
				C42401A419AB386400C7D22C /* main.m */,
				C42401A619AB386400C7D22C /* JELocationViewController-Prefix.pch */,
			);
			name = "Supporting Files";
			sourceTree = "<group>";
		};
		C42401B719AB386400C7D22C /* JELocationViewControllerTests */ = {
			isa = PBXGroup;
			children = (
				C42401BD19AB386400C7D22C /* JELocationViewControllerTests.m */,
				C42401B819AB386400C7D22C /* Supporting Files */,
			);
			path = JELocationViewControllerTests;
			sourceTree = "<group>";
		};
		C42401B819AB386400C7D22C /* Supporting Files */ = {
			isa = PBXGroup;
			children = (
				C42401B919AB386400C7D22C /* JELocationViewControllerTests-Info.plist */,
				C42401BA19AB386400C7D22C /* InfoPlist.strings */,
			);
			name = "Supporting Files";
			sourceTree = "<group>";
		};
		C42401C719AB38E800C7D22C /* JELocationViewController */ = {
			isa = PBXGroup;
			children = (
				C424024619AC734600C7D22C /* VPPMap */,
				C42401C819AB38E800C7D22C /* dianpingapi */,
				C42401CE19AB38E800C7D22C /* JELocationViewController.h */,
				C42401CF19AB38E800C7D22C /* JELocationViewController.m */,
			);
			path = JELocationViewController;
			sourceTree = "<group>";
		};
		C42401C819AB38E800C7D22C /* dianpingapi */ = {
			isa = PBXGroup;
			children = (
				C42401C919AB38E800C7D22C /* DPAPI.h */,
				C42401CA19AB38E800C7D22C /* DPAPI.m */,
				C42401CB19AB38E800C7D22C /* DPConstants.h */,
				C42401CC19AB38E800C7D22C /* DPRequest.h */,
				C42401CD19AB38E800C7D22C /* DPRequest.m */,
			);
			path = dianpingapi;
			sourceTree = "<group>";
		};
		C424024619AC734600C7D22C /* VPPMap */ = {
			isa = PBXGroup;
			children = (
				C424024719AC734600C7D22C /* Clustering */,
				C424024E19AC734600C7D22C /* VPPMapAnnotationExample.h */,
				C424024F19AC734600C7D22C /* VPPMapAnnotationExample.m */,
				C424025019AC734600C7D22C /* VPPMapCustomAnnotation.h */,
				C424025119AC734600C7D22C /* VPPMapHelper.h */,
				C424025219AC734600C7D22C /* VPPMapHelper.m */,
				C424025319AC734600C7D22C /* VPPMapHelperDelegate.h */,
			);
			path = VPPMap;
			sourceTree = "<group>";
		};
		C424024719AC734600C7D22C /* Clustering */ = {
			isa = PBXGroup;
			children = (
				C424024819AC734600C7D22C /* VPPMapCluster.h */,
				C424024919AC734600C7D22C /* VPPMapCluster.m */,
				C424024A19AC734600C7D22C /* VPPMapClusterHelper.h */,
				C424024B19AC734600C7D22C /* VPPMapClusterHelper.m */,
				C424024C19AC734600C7D22C /* VPPMapClusterView.h */,
				C424024D19AC734600C7D22C /* VPPMapClusterView.m */,
			);
			path = Clustering;
			sourceTree = "<group>";
		};
/* End PBXGroup section */

/* Begin PBXNativeTarget section */
		C424019419AB386400C7D22C /* JELocationViewController */ = {
			isa = PBXNativeTarget;
			buildConfigurationList = C42401C119AB386400C7D22C /* Build configuration list for PBXNativeTarget "JELocationViewController" */;
			buildPhases = (
				C424019119AB386400C7D22C /* Sources */,
				C424019219AB386400C7D22C /* Frameworks */,
				C424019319AB386400C7D22C /* Resources */,
			);
			buildRules = (
			);
			dependencies = (
			);
			name = JELocationViewController;
			productName = JELocationViewController;
			productReference = C424019519AB386400C7D22C /* JELocationViewController.app */;
			productType = "com.apple.product-type.application";
		};
		C42401AF19AB386400C7D22C /* JELocationViewControllerTests */ = {
			isa = PBXNativeTarget;
			buildConfigurationList = C42401C419AB386400C7D22C /* Build configuration list for PBXNativeTarget "JELocationViewControllerTests" */;
			buildPhases = (
				C42401AC19AB386400C7D22C /* Sources */,
				C42401AD19AB386400C7D22C /* Frameworks */,
				C42401AE19AB386400C7D22C /* Resources */,
			);
			buildRules = (
			);
			dependencies = (
				C42401B619AB386400C7D22C /* PBXTargetDependency */,
			);
			name = JELocationViewControllerTests;
			productName = JELocationViewControllerTests;
			productReference = C42401B019AB386400C7D22C /* JELocationViewControllerTests.xctest */;
			productType = "com.apple.product-type.bundle.unit-test";
		};
/* End PBXNativeTarget section */

/* Begin PBXProject section */
		C424018D19AB386400C7D22C /* Project object */ = {
			isa = PBXProject;
			attributes = {
				CLASSPREFIX = JE;
				LastUpgradeCheck = 0510;
				ORGANIZATIONNAME = "DNE Technology Co.,Ltd";
				TargetAttributes = {
					C42401AF19AB386400C7D22C = {
						TestTargetID = C424019419AB386400C7D22C;
					};
				};
			};
			buildConfigurationList = C424019019AB386400C7D22C /* Build configuration list for PBXProject "JELocationViewController" */;
			compatibilityVersion = "Xcode 3.2";
			developmentRegion = English;
			hasScannedForEncodings = 0;
			knownRegions = (
				en,
			);
			mainGroup = C424018C19AB386400C7D22C;
			productRefGroup = C424019619AB386400C7D22C /* Products */;
			projectDirPath = "";
			projectRoot = "";
			targets = (
				C424019419AB386400C7D22C /* JELocationViewController */,
				C42401AF19AB386400C7D22C /* JELocationViewControllerTests */,
			);
		};
/* End PBXProject section */

/* Begin PBXResourcesBuildPhase section */
		C424019319AB386400C7D22C /* Resources */ = {
			isa = PBXResourcesBuildPhase;
			buildActionMask = 2147483647;
			files = (
				C42401A319AB386400C7D22C /* InfoPlist.strings in Resources */,
				C42401AB19AB386400C7D22C /* Images.xcassets in Resources */,
			);
			runOnlyForDeploymentPostprocessing = 0;
		};
		C42401AE19AB386400C7D22C /* Resources */ = {
			isa = PBXResourcesBuildPhase;
			buildActionMask = 2147483647;
			files = (
				C42401BC19AB386400C7D22C /* InfoPlist.strings in Resources */,
			);
			runOnlyForDeploymentPostprocessing = 0;
		};
/* End PBXResourcesBuildPhase section */

/* Begin PBXSourcesBuildPhase section */
		C424019119AB386400C7D22C /* Sources */ = {
			isa = PBXSourcesBuildPhase;
			buildActionMask = 2147483647;
			files = (
				C424025619AC734600C7D22C /* VPPMapClusterView.m in Sources */,
				C42401D019AB38E800C7D22C /* DPAPI.m in Sources */,
				C42401D719AB39BB00C7D22C /* JEViewController.m in Sources */,
				C42401A519AB386400C7D22C /* main.m in Sources */,
				C424025819AC734600C7D22C /* VPPMapHelper.m in Sources */,
				C42401A919AB386400C7D22C /* JEAppDelegate.m in Sources */,
				C42401D119AB38E800C7D22C /* DPRequest.m in Sources */,
				C42401D219AB38E800C7D22C /* JELocationViewController.m in Sources */,
				C424025719AC734600C7D22C /* VPPMapAnnotationExample.m in Sources */,
				C424025519AC734600C7D22C /* VPPMapClusterHelper.m in Sources */,
				C424025419AC734600C7D22C /* VPPMapCluster.m in Sources */,
			);
			runOnlyForDeploymentPostprocessing = 0;
		};
		C42401AC19AB386400C7D22C /* Sources */ = {
			isa = PBXSourcesBuildPhase;
			buildActionMask = 2147483647;
			files = (
				C42401BE19AB386400C7D22C /* JELocationViewControllerTests.m in Sources */,
			);
			runOnlyForDeploymentPostprocessing = 0;
		};
/* End PBXSourcesBuildPhase section */

/* Begin PBXTargetDependency section */
		C42401B619AB386400C7D22C /* PBXTargetDependency */ = {
			isa = PBXTargetDependency;
			target = C424019419AB386400C7D22C /* JELocationViewController */;
			targetProxy = C42401B519AB386400C7D22C /* PBXContainerItemProxy */;
		};
/* End PBXTargetDependency section */

/* Begin PBXVariantGroup section */
		C42401A119AB386400C7D22C /* InfoPlist.strings */ = {
			isa = PBXVariantGroup;
			children = (
				C42401A219AB386400C7D22C /* en */,
			);
			name = InfoPlist.strings;
			sourceTree = "<group>";
		};
		C42401BA19AB386400C7D22C /* InfoPlist.strings */ = {
			isa = PBXVariantGroup;
			children = (
				C42401BB19AB386400C7D22C /* en */,
			);
			name = InfoPlist.strings;
			sourceTree = "<group>";
		};
/* End PBXVariantGroup section */

/* Begin XCBuildConfiguration section */
		C42401BF19AB386400C7D22C /* Debug */ = {
			isa = XCBuildConfiguration;
			buildSettings = {
				ALWAYS_SEARCH_USER_PATHS = NO;
				CLANG_CXX_LANGUAGE_STANDARD = "gnu++0x";
				CLANG_CXX_LIBRARY = "libc++";
				CLANG_ENABLE_MODULES = YES;
				CLANG_ENABLE_OBJC_ARC = YES;
				CLANG_WARN_BOOL_CONVERSION = YES;
				CLANG_WARN_CONSTANT_CONVERSION = YES;
				CLANG_WARN_DIRECT_OBJC_ISA_USAGE = YES_ERROR;
				CLANG_WARN_EMPTY_BODY = YES;
				CLANG_WARN_ENUM_CONVERSION = YES;
				CLANG_WARN_INT_CONVERSION = YES;
				CLANG_WARN_OBJC_ROOT_CLASS = YES_ERROR;
				CLANG_WARN__DUPLICATE_METHOD_MATCH = YES;
				"CODE_SIGN_IDENTITY[sdk=iphoneos*]" = "iPhone Developer";
				COPY_PHASE_STRIP = NO;
				GCC_C_LANGUAGE_STANDARD = gnu99;
				GCC_DYNAMIC_NO_PIC = NO;
				GCC_OPTIMIZATION_LEVEL = 0;
				GCC_PREPROCESSOR_DEFINITIONS = (
					"DEBUG=1",
					"$(inherited)",
				);
				GCC_SYMBOLS_PRIVATE_EXTERN = NO;
				GCC_WARN_64_TO_32_BIT_CONVERSION = YES;
				GCC_WARN_ABOUT_RETURN_TYPE = YES_ERROR;
				GCC_WARN_UNDECLARED_SELECTOR = YES;
				GCC_WARN_UNINITIALIZED_AUTOS = YES_AGGRESSIVE;
				GCC_WARN_UNUSED_FUNCTION = YES;
				GCC_WARN_UNUSED_VARIABLE = YES;
				IPHONEOS_DEPLOYMENT_TARGET = 7.1;
				ONLY_ACTIVE_ARCH = YES;
				SDKROOT = iphoneos;
			};
			name = Debug;
		};
		C42401C019AB386400C7D22C /* Release */ = {
			isa = XCBuildConfiguration;
			buildSettings = {
				ALWAYS_SEARCH_USER_PATHS = NO;
				CLANG_CXX_LANGUAGE_STANDARD = "gnu++0x";
				CLANG_CXX_LIBRARY = "libc++";
				CLANG_ENABLE_MODULES = YES;
				CLANG_ENABLE_OBJC_ARC = YES;
				CLANG_WARN_BOOL_CONVERSION = YES;
				CLANG_WARN_CONSTANT_CONVERSION = YES;
				CLANG_WARN_DIRECT_OBJC_ISA_USAGE = YES_ERROR;
				CLANG_WARN_EMPTY_BODY = YES;
				CLANG_WARN_ENUM_CONVERSION = YES;
				CLANG_WARN_INT_CONVERSION = YES;
				CLANG_WARN_OBJC_ROOT_CLASS = YES_ERROR;
				CLANG_WARN__DUPLICATE_METHOD_MATCH = YES;
				"CODE_SIGN_IDENTITY[sdk=iphoneos*]" = "iPhone Developer";
				COPY_PHASE_STRIP = YES;
				ENABLE_NS_ASSERTIONS = NO;
				GCC_C_LANGUAGE_STANDARD = gnu99;
				GCC_WARN_64_TO_32_BIT_CONVERSION = YES;
				GCC_WARN_ABOUT_RETURN_TYPE = YES_ERROR;
				GCC_WARN_UNDECLARED_SELECTOR = YES;
				GCC_WARN_UNINITIALIZED_AUTOS = YES_AGGRESSIVE;
				GCC_WARN_UNUSED_FUNCTION = YES;
				GCC_WARN_UNUSED_VARIABLE = YES;
				IPHONEOS_DEPLOYMENT_TARGET = 7.1;
				SDKROOT = iphoneos;
				VALIDATE_PRODUCT = YES;
			};
			name = Release;
		};
		C42401C219AB386400C7D22C /* Debug */ = {
			isa = XCBuildConfiguration;
			buildSettings = {
				ASSETCATALOG_COMPILER_APPICON_NAME = AppIcon;
				ASSETCATALOG_COMPILER_LAUNCHIMAGE_NAME = LaunchImage;
				CODE_SIGN_IDENTITY = "iPhone Developer: ANN YAO (2Z5QUFZK8T)";
				FRAMEWORK_SEARCH_PATHS = (
					"$(inherited)",
					"$(PROJECT_DIR)",
				);
				GCC_PRECOMPILE_PREFIX_HEADER = YES;
				GCC_PREFIX_HEADER = "JELocationViewController/JELocationViewController-Prefix.pch";
				INFOPLIST_FILE = "JELocationViewController/JELocationViewController-Info.plist";
				IPHONEOS_DEPLOYMENT_TARGET = 6.0;
				PRODUCT_NAME = "$(TARGET_NAME)";
				PROVISIONING_PROFILE = "163b7e27-95b4-4428-9ee7-078f59103f9b";
				WRAPPER_EXTENSION = app;
			};
			name = Debug;
		};
		C42401C319AB386400C7D22C /* Release */ = {
			isa = XCBuildConfiguration;
			buildSettings = {
				ASSETCATALOG_COMPILER_APPICON_NAME = AppIcon;
				ASSETCATALOG_COMPILER_LAUNCHIMAGE_NAME = LaunchImage;
				CODE_SIGN_IDENTITY = "iPhone Developer: ANN YAO (2Z5QUFZK8T)";
				FRAMEWORK_SEARCH_PATHS = (
					"$(inherited)",
					"$(PROJECT_DIR)",
				);
				GCC_PRECOMPILE_PREFIX_HEADER = YES;
				GCC_PREFIX_HEADER = "JELocationViewController/JELocationViewController-Prefix.pch";
				INFOPLIST_FILE = "JELocationViewController/JELocationViewController-Info.plist";
				IPHONEOS_DEPLOYMENT_TARGET = 6.0;
				PRODUCT_NAME = "$(TARGET_NAME)";
				PROVISIONING_PROFILE = "163b7e27-95b4-4428-9ee7-078f59103f9b";
				WRAPPER_EXTENSION = app;
			};
			name = Release;
		};
		C42401C519AB386400C7D22C /* Debug */ = {
			isa = XCBuildConfiguration;
			buildSettings = {
				BUNDLE_LOADER = "$(BUILT_PRODUCTS_DIR)/JELocationViewController.app/JELocationViewController";
				FRAMEWORK_SEARCH_PATHS = (
					"$(SDKROOT)/Developer/Library/Frameworks",
					"$(inherited)",
					"$(DEVELOPER_FRAMEWORKS_DIR)",
				);
				GCC_PRECOMPILE_PREFIX_HEADER = YES;
				GCC_PREFIX_HEADER = "JELocationViewController/JELocationViewController-Prefix.pch";
				GCC_PREPROCESSOR_DEFINITIONS = (
					"DEBUG=1",
					"$(inherited)",
				);
				INFOPLIST_FILE = "JELocationViewControllerTests/JELocationViewControllerTests-Info.plist";
				PRODUCT_NAME = "$(TARGET_NAME)";
				TEST_HOST = "$(BUNDLE_LOADER)";
				WRAPPER_EXTENSION = xctest;
			};
			name = Debug;
		};
		C42401C619AB386400C7D22C /* Release */ = {
			isa = XCBuildConfiguration;
			buildSettings = {
				BUNDLE_LOADER = "$(BUILT_PRODUCTS_DIR)/JELocationViewController.app/JELocationViewController";
				FRAMEWORK_SEARCH_PATHS = (
					"$(SDKROOT)/Developer/Library/Frameworks",
					"$(inherited)",
					"$(DEVELOPER_FRAMEWORKS_DIR)",
				);
				GCC_PRECOMPILE_PREFIX_HEADER = YES;
				GCC_PREFIX_HEADER = "JELocationViewController/JELocationViewController-Prefix.pch";
				INFOPLIST_FILE = "JELocationViewControllerTests/JELocationViewControllerTests-Info.plist";
				PRODUCT_NAME = "$(TARGET_NAME)";
				TEST_HOST = "$(BUNDLE_LOADER)";
				WRAPPER_EXTENSION = xctest;
			};
			name = Release;
		};
/* End XCBuildConfiguration section */

/* Begin XCConfigurationList section */
		C424019019AB386400C7D22C /* Build configuration list for PBXProject "JELocationViewController" */ = {
			isa = XCConfigurationList;
			buildConfigurations = (
				C42401BF19AB386400C7D22C /* Debug */,
				C42401C019AB386400C7D22C /* Release */,
			);
			defaultConfigurationIsVisible = 0;
			defaultConfigurationName = Release;
		};
		C42401C119AB386400C7D22C /* Build configuration list for PBXNativeTarget "JELocationViewController" */ = {
			isa = XCConfigurationList;
			buildConfigurations = (
				C42401C219AB386400C7D22C /* Debug */,
				C42401C319AB386400C7D22C /* Release */,
			);
			defaultConfigurationIsVisible = 0;
			defaultConfigurationName = Release;
		};
		C42401C419AB386400C7D22C /* Build configuration list for PBXNativeTarget "JELocationViewControllerTests" */ = {
			isa = XCConfigurationList;
			buildConfigurations = (
				C42401C519AB386400C7D22C /* Debug */,
				C42401C619AB386400C7D22C /* Release */,
			);
			defaultConfigurationIsVisible = 0;
			defaultConfigurationName = Release;
		};
/* End XCConfigurationList section */
	};
	rootObject = C424018D19AB386400C7D22C /* Project object */;
}
